
Microsoft Visual Studio Solution File, Format Version 12.00
# Visual Studio Version 17
VisualStudioVersion = 17.0.31903.59
MinimumVisualStudioVersion = 10.0.40219.1
Project("{FAE04EC0-301F-11D3-BF4B-00C04F79EFBC}") = "Question1", "Question1\Question1.csproj", "{13BD2AB7-E425-46F6-AA01-EC1AB39C8AA9}"
EndProject
Project("{FAE04EC0-301F-11D3-BF4B-00C04F79EFBC}") = "Question2", "Question2\Question2.csproj", "{2798C1F5-0620-4A93-8E9B-AA4FCC9D7792}"
EndProject
Project("{FAE04EC0-301F-11D3-BF4B-00C04F79EFBC}") = "Question3", "Question3\Question3.csproj", "{75FE01C1-0F0F-4751-A498-8BF533E9FA90}"
EndProject
Project("{FAE04EC0-301F-11D3-BF4B-00C04F79EFBC}") = "Question4", "Question4\Question4.csproj", "{C65D0A01-E2E9-46D0-9E82-FA0FD182DC26}"
EndProject
Project("{FAE04EC0-301F-11D3-BF4B-00C04F79EFBC}") = "Question5", "Question5\Question5.csproj", "{FBC30931-6CCB-4F96-8FE6-7B871F84925D}"
EndProject
Global
	GlobalSection(SolutionConfigurationPlatforms) = preSolution
		Debug|Any CPU = Debug|Any CPU
		Debug|x64 = Debug|x64
		Debug|x86 = Debug|x86
		Release|Any CPU = Release|Any CPU
		Release|x64 = Release|x64
		Release|x86 = Release|x86
	EndGlobalSection
	GlobalSection(ProjectConfigurationPlatforms) = postSolution
		{13BD2AB7-E425-46F6-AA01-EC1AB39C8AA9}.Debug|Any CPU.ActiveCfg = Debug|Any CPU
		{13BD2AB7-E425-46F6-AA01-EC1AB39C8AA9}.Debug|Any CPU.Build.0 = Debug|Any CPU
		{13BD2AB7-E425-46F6-AA01-EC1AB39C8AA9}.Debug|x64.ActiveCfg = Debug|Any CPU
		{13BD2AB7-E425-46F6-AA01-EC1AB39C8AA9}.Debug|x64.Build.0 = Debug|Any CPU
		{13BD2AB7-E425-46F6-AA01-EC1AB39C8AA9}.Debug|x86.ActiveCfg = Debug|Any CPU
		{13BD2AB7-E425-46F6-AA01-EC1AB39C8AA9}.Debug|x86.Build.0 = Debug|Any CPU
		{13BD2AB7-E425-46F6-AA01-EC1AB39C8AA9}.Release|Any CPU.ActiveCfg = Release|Any CPU
		{13BD2AB7-E425-46F6-AA01-EC1AB39C8AA9}.Release|Any CPU.Build.0 = Release|Any CPU
		{13BD2AB7-E425-46F6-AA01-EC1AB39C8AA9}.Release|x64.ActiveCfg = Release|Any CPU
		{13BD2AB7-E425-46F6-AA01-EC1AB39C8AA9}.Release|x64.Build.0 = Release|Any CPU
		{13BD2AB7-E425-46F6-AA01-EC1AB39C8AA9}.Release|x86.ActiveCfg = Release|Any CPU
		{13BD2AB7-E425-46F6-AA01-EC1AB39C8AA9}.Release|x86.Build.0 = Release|Any CPU
		{2798C1F5-0620-4A93-8E9B-AA4FCC9D7792}.Debug|Any CPU.ActiveCfg = Debug|Any CPU
		{2798C1F5-0620-4A93-8E9B-AA4FCC9D7792}.Debug|Any CPU.Build.0 = Debug|Any CPU
		{2798C1F5-0620-4A93-8E9B-AA4FCC9D7792}.Debug|x64.ActiveCfg = Debug|Any CPU
		{2798C1F5-0620-4A93-8E9B-AA4FCC9D7792}.Debug|x64.Build.0 = Debug|Any CPU
		{2798C1F5-0620-4A93-8E9B-AA4FCC9D7792}.Debug|x86.ActiveCfg = Debug|Any CPU
		{2798C1F5-0620-4A93-8E9B-AA4FCC9D7792}.Debug|x86.Build.0 = Debug|Any CPU
		{2798C1F5-0620-4A93-8E9B-AA4FCC9D7792}.Release|Any CPU.ActiveCfg = Release|Any CPU
		{2798C1F5-0620-4A93-8E9B-AA4FCC9D7792}.Release|Any CPU.Build.0 = Release|Any CPU
		{2798C1F5-0620-4A93-8E9B-AA4FCC9D7792}.Release|x64.ActiveCfg = Release|Any CPU
		{2798C1F5-0620-4A93-8E9B-AA4FCC9D7792}.Release|x64.Build.0 = Release|Any CPU
		{2798C1F5-0620-4A93-8E9B-AA4FCC9D7792}.Release|x86.ActiveCfg = Release|Any CPU
		{2798C1F5-0620-4A93-8E9B-AA4FCC9D7792}.Release|x86.Build.0 = Release|Any CPU
		{75FE01C1-0F0F-4751-A498-8BF533E9FA90}.Debug|Any CPU.ActiveCfg = Debug|Any CPU
		{75FE01C1-0F0F-4751-A498-8BF533E9FA90}.Debug|Any CPU.Build.0 = Debug|Any CPU
		{75FE01C1-0F0F-4751-A498-8BF533E9FA90}.Debug|x64.ActiveCfg = Debug|Any CPU
		{75FE01C1-0F0F-4751-A498-8BF533E9FA90}.Debug|x64.Build.0 = Debug|Any CPU
		{75FE01C1-0F0F-4751-A498-8BF533E9FA90}.Debug|x86.ActiveCfg = Debug|Any CPU
		{75FE01C1-0F0F-4751-A498-8BF533E9FA90}.Debug|x86.Build.0 = Debug|Any CPU
		{75FE01C1-0F0F-4751-A498-8BF533E9FA90}.Release|Any CPU.ActiveCfg = Release|Any CPU
		{75FE01C1-0F0F-4751-A498-8BF533E9FA90}.Release|Any CPU.Build.0 = Release|Any CPU
		{75FE01C1-0F0F-4751-A498-8BF533E9FA90}.Release|x64.ActiveCfg = Release|Any CPU
		{75FE01C1-0F0F-4751-A498-8BF533E9FA90}.Release|x64.Build.0 = Release|Any CPU
		{75FE01C1-0F0F-4751-A498-8BF533E9FA90}.Release|x86.ActiveCfg = Release|Any CPU
		{75FE01C1-0F0F-4751-A498-8BF533E9FA90}.Release|x86.Build.0 = Release|Any CPU
		{C65D0A01-E2E9-46D0-9E82-FA0FD182DC26}.Debug|Any CPU.ActiveCfg = Debug|Any CPU
		{C65D0A01-E2E9-46D0-9E82-FA0FD182DC26}.Debug|Any CPU.Build.0 = Debug|Any CPU
		{C65D0A01-E2E9-46D0-9E82-FA0FD182DC26}.Debug|x64.ActiveCfg = Debug|Any CPU
		{C65D0A01-E2E9-46D0-9E82-FA0FD182DC26}.Debug|x64.Build.0 = Debug|Any CPU
		{C65D0A01-E2E9-46D0-9E82-FA0FD182DC26}.Debug|x86.ActiveCfg = Debug|Any CPU
		{C65D0A01-E2E9-46D0-9E82-FA0FD182DC26}.Debug|x86.Build.0 = Debug|Any CPU
		{C65D0A01-E2E9-46D0-9E82-FA0FD182DC26}.Release|Any CPU.ActiveCfg = Release|Any CPU
		{C65D0A01-E2E9-46D0-9E82-FA0FD182DC26}.Release|Any CPU.Build.0 = Release|Any CPU
		{C65D0A01-E2E9-46D0-9E82-FA0FD182DC26}.Release|x64.ActiveCfg = Release|Any CPU
		{C65D0A01-E2E9-46D0-9E82-FA0FD182DC26}.Release|x64.Build.0 = Release|Any CPU
		{C65D0A01-E2E9-46D0-9E82-FA0FD182DC26}.Release|x86.ActiveCfg = Release|Any CPU
		{C65D0A01-E2E9-46D0-9E82-FA0FD182DC26}.Release|x86.Build.0 = Release|Any CPU
		{FBC30931-6CCB-4F96-8FE6-7B871F84925D}.Debug|Any CPU.ActiveCfg = Debug|Any CPU
		{FBC30931-6CCB-4F96-8FE6-7B871F84925D}.Debug|Any CPU.Build.0 = Debug|Any CPU
		{FBC30931-6CCB-4F96-8FE6-7B871F84925D}.Debug|x64.ActiveCfg = Debug|Any CPU
		{FBC30931-6CCB-4F96-8FE6-7B871F84925D}.Debug|x64.Build.0 = Debug|Any CPU
		{FBC30931-6CCB-4F96-8FE6-7B871F84925D}.Debug|x86.ActiveCfg = Debug|Any CPU
		{FBC30931-6CCB-4F96-8FE6-7B871F84925D}.Debug|x86.Build.0 = Debug|Any CPU
		{FBC30931-6CCB-4F96-8FE6-7B871F84925D}.Release|Any CPU.ActiveCfg = Release|Any CPU
		{FBC30931-6CCB-4F96-8FE6-7B871F84925D}.Release|Any CPU.Build.0 = Release|Any CPU
		{FBC30931-6CCB-4F96-8FE6-7B871F84925D}.Release|x64.ActiveCfg = Release|Any CPU
		{FBC30931-6CCB-4F96-8FE6-7B871F84925D}.Release|x64.Build.0 = Release|Any CPU
		{FBC30931-6CCB-4F96-8FE6-7B871F84925D}.Release|x86.ActiveCfg = Release|Any CPU
		{FBC30931-6CCB-4F96-8FE6-7B871F84925D}.Release|x86.Build.0 = Release|Any CPU
	EndGlobalSection
	GlobalSection(SolutionProperties) = preSolution
		HideSolutionNode = FALSE
	EndGlobalSection
EndGlobal
